
PODS:
- Base64 (1.0.0)
- MTDates (0.5.0)
- MTJSONUtils (0.0.1)
- MTPocket (0.6.0):
  - Base64
  - MTJSONUtils (~> 0.0.1)
  - XMLDictionary (~> 2.0.0)
- XMLDictionary (2.0.0)

DEPENDENCIES:
- MTDates
- MTJSONUtils
- MTPocket

SPEC CHECKSUMS:
  Base64: 285e4864ccacb72cb921c09fd7a19af3b47f450d
  MTDates: 7114966dba4e06bde61e6fc4532236ae5719309e
  MTJSONUtils: b4bd111f409377fe422fee56d4e7dae4b0ee4fe3
  MTPocket: 81df7fa611cfa8ff8266a37783de46c4dbb726aa
  XMLDictionary: d41dcb25b03e480f374551037396f4fc1307ff1c

COCOAPODS: 0.14.0
