// !$*UTF8*$!
{
	archiveVersion = 1;
	classes = {
	};
	objectVersion = 46;
	objects = {

/* Begin PBXBuildFile section */
		BA531EB170B54EFCBFC52A13 /* libPods.a in Frameworks */ = {isa = PBXBuildFile; fileRef = 8CE02C144AAA4DCF9A89ABBA /* libPods.a */; };
		C2058CDC15EC168B0040F234 /* FSMarriage.h in CopyFiles */ = {isa = PBXBuildFile; fileRef = C2D9E85B15E41F1D00107376 /* FSMarriage.h */; };
		C2058CDE15EC168F0040F234 /* FSOrdinance.h in CopyFiles */ = {isa = PBXBuildFile; fileRef = C2D9E85F15E41F6200107376 /* FSOrdinance.h */; };
		C2058CDF15EC16940040F234 /* config.h in CopyFiles */ = {isa = PBXBuildFile; fileRef = C29BFED615DD4041004B71D0 /* config.h */; };
		C2058CE015EC169A0040F234 /* private.h in CopyFiles */ = {isa = PBXBuildFile; fileRef = C2D9E87015E56B0B00107376 /* private.h */; };
		C2058CE115EC169F0040F234 /* FSEvent.h in CopyFiles */ = {isa = PBXBuildFile; fileRef = C2D9E85615E41EF800107376 /* FSEvent.h */; };
		C232766915D585C7004EDE08 /* FSAuth.h in CopyFiles */ = {isa = PBXBuildFile; fileRef = C2ABA7B715D5744F000A34A1 /* FSAuth.h */; };
		C232766A15D585C7004EDE08 /* FSPerson.h in CopyFiles */ = {isa = PBXBuildFile; fileRef = C2ABA7B915D5744F000A34A1 /* FSPerson.h */; };
		C26EEDB015E7D90E00C7714F /* FSMarriageTests.m in Sources */ = {isa = PBXBuildFile; fileRef = C26EEDAF15E7D90E00C7714F /* FSMarriageTests.m */; };
		C27BC94815E69B9B00D7E01F /* FSEventTests.m in Sources */ = {isa = PBXBuildFile; fileRef = C27BC94715E69B9B00D7E01F /* FSEventTests.m */; };
		C2ABA78315D573EF000A34A1 /* Foundation.framework in Frameworks */ = {isa = PBXBuildFile; fileRef = C2ABA78215D573EF000A34A1 /* Foundation.framework */; };
		C2ABA79215D573EF000A34A1 /* SenTestingKit.framework in Frameworks */ = {isa = PBXBuildFile; fileRef = C2ABA79115D573EF000A34A1 /* SenTestingKit.framework */; };
		C2ABA79415D573EF000A34A1 /* UIKit.framework in Frameworks */ = {isa = PBXBuildFile; fileRef = C2ABA79315D573EF000A34A1 /* UIKit.framework */; };
		C2ABA79515D573EF000A34A1 /* Foundation.framework in Frameworks */ = {isa = PBXBuildFile; fileRef = C2ABA78215D573EF000A34A1 /* Foundation.framework */; };
		C2ABA79815D573EF000A34A1 /* libFamilySearchAPI.a in Frameworks */ = {isa = PBXBuildFile; fileRef = C2ABA77F15D573EF000A34A1 /* libFamilySearchAPI.a */; };
		C2ABA7BB15D5744F000A34A1 /* FSAuth.m in Sources */ = {isa = PBXBuildFile; fileRef = C2ABA7B815D5744F000A34A1 /* FSAuth.m */; };
		C2ABA7BD15D5744F000A34A1 /* FSPerson.m in Sources */ = {isa = PBXBuildFile; fileRef = C2ABA7BA15D5744F000A34A1 /* FSPerson.m */; };
		C2ABA7C815D5746B000A34A1 /* FSPersonTests.m in Sources */ = {isa = PBXBuildFile; fileRef = C2ABA7C215D5745B000A34A1 /* FSPersonTests.m */; };
		C2ABA7C915D57471000A34A1 /* FSAuthTests.m in Sources */ = {isa = PBXBuildFile; fileRef = C2ABA7C015D5745B000A34A1 /* FSAuthTests.m */; };
		C2D9E85815E41EF800107376 /* FSEvent.m in Sources */ = {isa = PBXBuildFile; fileRef = C2D9E85715E41EF800107376 /* FSEvent.m */; };
		C2D9E85D15E41F1D00107376 /* FSMarriage.m in Sources */ = {isa = PBXBuildFile; fileRef = C2D9E85C15E41F1D00107376 /* FSMarriage.m */; };
		C2D9E86115E41F6200107376 /* FSOrdinance.m in Sources */ = {isa = PBXBuildFile; fileRef = C2D9E86015E41F6200107376 /* FSOrdinance.m */; };
/* End PBXBuildFile section */

/* Begin PBXContainerItemProxy section */
		C2ABA79615D573EF000A34A1 /* PBXContainerItemProxy */ = {
			isa = PBXContainerItemProxy;
			containerPortal = C2ABA77615D573EF000A34A1 /* Project object */;
			proxyType = 1;
			remoteGlobalIDString = C2ABA77E15D573EF000A34A1;
			remoteInfo = FamilySearchAPI;
		};
/* End PBXContainerItemProxy section */

/* Begin PBXCopyFilesBuildPhase section */
		C2ABA77D15D573EF000A34A1 /* CopyFiles */ = {
			isa = PBXCopyFilesBuildPhase;
			buildActionMask = 2147483647;
			dstPath = "include/${PRODUCT_NAME}";
			dstSubfolderSpec = 16;
			files = (
				C2058CE115EC169F0040F234 /* FSEvent.h in CopyFiles */,
				C2058CE015EC169A0040F234 /* private.h in CopyFiles */,
				C2058CDF15EC16940040F234 /* config.h in CopyFiles */,
				C2058CDE15EC168F0040F234 /* FSOrdinance.h in CopyFiles */,
				C2058CDC15EC168B0040F234 /* FSMarriage.h in CopyFiles */,
				C232766915D585C7004EDE08 /* FSAuth.h in CopyFiles */,
				C232766A15D585C7004EDE08 /* FSPerson.h in CopyFiles */,
			);
			runOnlyForDeploymentPostprocessing = 0;
		};
/* End PBXCopyFilesBuildPhase section */

/* Begin PBXFileReference section */
		874EC83EE4E246B8AF0AF3BC /* Pods.xcconfig */ = {isa = PBXFileReference; includeInIndex = 1; lastKnownFileType = text.xcconfig; name = Pods.xcconfig; path = Pods/Pods.xcconfig; sourceTree = SOURCE_ROOT; };
		8CE02C144AAA4DCF9A89ABBA /* libPods.a */ = {isa = PBXFileReference; explicitFileType = archive.ar; includeInIndex = 0; path = libPods.a; sourceTree = BUILT_PRODUCTS_DIR; };
		C23276E215D58F1F004EDE08 /* en */ = {isa = PBXFileReference; lastKnownFileType = text.plist.strings; name = en; path = InfoPlist.strings; sourceTree = "<group>"; };
		C23276E315D58F1F004EDE08 /* FamilySearchAPITests-Info.plist */ = {isa = PBXFileReference; fileEncoding = 4; lastKnownFileType = text.plist.xml; path = "FamilySearchAPITests-Info.plist"; sourceTree = "<group>"; };
		C26EEDAE15E7D90E00C7714F /* FSMarriageTests.h */ = {isa = PBXFileReference; fileEncoding = 4; lastKnownFileType = sourcecode.c.h; path = FSMarriageTests.h; sourceTree = "<group>"; };
		C26EEDAF15E7D90E00C7714F /* FSMarriageTests.m */ = {isa = PBXFileReference; fileEncoding = 4; lastKnownFileType = sourcecode.c.objc; path = FSMarriageTests.m; sourceTree = "<group>"; };
		C27BC94615E69B9B00D7E01F /* FSEventTests.h */ = {isa = PBXFileReference; fileEncoding = 4; lastKnownFileType = sourcecode.c.h; path = FSEventTests.h; sourceTree = "<group>"; };
		C27BC94715E69B9B00D7E01F /* FSEventTests.m */ = {isa = PBXFileReference; fileEncoding = 4; lastKnownFileType = sourcecode.c.objc; path = FSEventTests.m; sourceTree = "<group>"; };
		C29BFED615DD4041004B71D0 /* config.h */ = {isa = PBXFileReference; fileEncoding = 4; lastKnownFileType = sourcecode.c.h; path = config.h; sourceTree = "<group>"; };
		C2ABA77F15D573EF000A34A1 /* libFamilySearchAPI.a */ = {isa = PBXFileReference; explicitFileType = archive.ar; includeInIndex = 0; path = libFamilySearchAPI.a; sourceTree = BUILT_PRODUCTS_DIR; };
		C2ABA78215D573EF000A34A1 /* Foundation.framework */ = {isa = PBXFileReference; includeInIndex = 1; lastKnownFileType = wrapper.framework; name = Foundation.framework; path = System/Library/Frameworks/Foundation.framework; sourceTree = SDKROOT; };
		C2ABA78615D573EF000A34A1 /* FamilySearchAPI-Prefix.pch */ = {isa = PBXFileReference; lastKnownFileType = sourcecode.c.h; path = "FamilySearchAPI-Prefix.pch"; sourceTree = "<group>"; };
		C2ABA79015D573EF000A34A1 /* FamilySearchAPITests.octest */ = {isa = PBXFileReference; explicitFileType = wrapper.cfbundle; includeInIndex = 0; path = FamilySearchAPITests.octest; sourceTree = BUILT_PRODUCTS_DIR; };
		C2ABA79115D573EF000A34A1 /* SenTestingKit.framework */ = {isa = PBXFileReference; lastKnownFileType = wrapper.framework; name = SenTestingKit.framework; path = Library/Frameworks/SenTestingKit.framework; sourceTree = DEVELOPER_DIR; };
		C2ABA79315D573EF000A34A1 /* UIKit.framework */ = {isa = PBXFileReference; lastKnownFileType = wrapper.framework; name = UIKit.framework; path = Library/Frameworks/UIKit.framework; sourceTree = DEVELOPER_DIR; };
		C2ABA7B715D5744F000A34A1 /* FSAuth.h */ = {isa = PBXFileReference; fileEncoding = 4; lastKnownFileType = sourcecode.c.h; path = FSAuth.h; sourceTree = "<group>"; };
		C2ABA7B815D5744F000A34A1 /* FSAuth.m */ = {isa = PBXFileReference; fileEncoding = 4; lastKnownFileType = sourcecode.c.objc; path = FSAuth.m; sourceTree = "<group>"; };
		C2ABA7B915D5744F000A34A1 /* FSPerson.h */ = {isa = PBXFileReference; fileEncoding = 4; lastKnownFileType = sourcecode.c.h; path = FSPerson.h; sourceTree = "<group>"; };
		C2ABA7BA15D5744F000A34A1 /* FSPerson.m */ = {isa = PBXFileReference; fileEncoding = 4; lastKnownFileType = sourcecode.c.objc; path = FSPerson.m; sourceTree = "<group>"; };
		C2ABA7BF15D5745B000A34A1 /* FSAuthTests.h */ = {isa = PBXFileReference; fileEncoding = 4; lastKnownFileType = sourcecode.c.h; path = FSAuthTests.h; sourceTree = "<group>"; };
		C2ABA7C015D5745B000A34A1 /* FSAuthTests.m */ = {isa = PBXFileReference; fileEncoding = 4; lastKnownFileType = sourcecode.c.objc; path = FSAuthTests.m; sourceTree = "<group>"; };
		C2ABA7C115D5745B000A34A1 /* FSPersonTests.h */ = {isa = PBXFileReference; fileEncoding = 4; lastKnownFileType = sourcecode.c.h; path = FSPersonTests.h; sourceTree = "<group>"; };
		C2ABA7C215D5745B000A34A1 /* FSPersonTests.m */ = {isa = PBXFileReference; fileEncoding = 4; lastKnownFileType = sourcecode.c.objc; path = FSPersonTests.m; sourceTree = "<group>"; };
		C2ABA7C315D5745B000A34A1 /* constants.h */ = {isa = PBXFileReference; fileEncoding = 4; lastKnownFileType = sourcecode.c.h; path = constants.h; sourceTree = "<group>"; };
		C2D9E85615E41EF800107376 /* FSEvent.h */ = {isa = PBXFileReference; fileEncoding = 4; lastKnownFileType = sourcecode.c.h; path = FSEvent.h; sourceTree = "<group>"; };
		C2D9E85715E41EF800107376 /* FSEvent.m */ = {isa = PBXFileReference; fileEncoding = 4; lastKnownFileType = sourcecode.c.objc; path = FSEvent.m; sourceTree = "<group>"; };
		C2D9E85B15E41F1D00107376 /* FSMarriage.h */ = {isa = PBXFileReference; fileEncoding = 4; lastKnownFileType = sourcecode.c.h; path = FSMarriage.h; sourceTree = "<group>"; };
		C2D9E85C15E41F1D00107376 /* FSMarriage.m */ = {isa = PBXFileReference; fileEncoding = 4; lastKnownFileType = sourcecode.c.objc; path = FSMarriage.m; sourceTree = "<group>"; };
		C2D9E85F15E41F6200107376 /* FSOrdinance.h */ = {isa = PBXFileReference; fileEncoding = 4; lastKnownFileType = sourcecode.c.h; path = FSOrdinance.h; sourceTree = "<group>"; };
		C2D9E86015E41F6200107376 /* FSOrdinance.m */ = {isa = PBXFileReference; fileEncoding = 4; lastKnownFileType = sourcecode.c.objc; path = FSOrdinance.m; sourceTree = "<group>"; };
		C2D9E87015E56B0B00107376 /* private.h */ = {isa = PBXFileReference; lastKnownFileType = sourcecode.c.h; path = private.h; sourceTree = "<group>"; };
/* End PBXFileReference section */

/* Begin PBXFrameworksBuildPhase section */
		C2ABA77C15D573EF000A34A1 /* Frameworks */ = {
			isa = PBXFrameworksBuildPhase;
			buildActionMask = 2147483647;
			files = (
				C2ABA78315D573EF000A34A1 /* Foundation.framework in Frameworks */,
				BA531EB170B54EFCBFC52A13 /* libPods.a in Frameworks */,
			);
			runOnlyForDeploymentPostprocessing = 0;
		};
		C2ABA78C15D573EF000A34A1 /* Frameworks */ = {
			isa = PBXFrameworksBuildPhase;
			buildActionMask = 2147483647;
			files = (
				C2ABA79215D573EF000A34A1 /* SenTestingKit.framework in Frameworks */,
				C2ABA79415D573EF000A34A1 /* UIKit.framework in Frameworks */,
				C2ABA79515D573EF000A34A1 /* Foundation.framework in Frameworks */,
				C2ABA79815D573EF000A34A1 /* libFamilySearchAPI.a in Frameworks */,
			);
			runOnlyForDeploymentPostprocessing = 0;
		};
/* End PBXFrameworksBuildPhase section */

/* Begin PBXGroup section */
		C23276DF15D58EF3004EDE08 /* Supporting Files */ = {
			isa = PBXGroup;
			children = (
				C23276E015D58F1F004EDE08 /* en.lproj */,
				C23276E315D58F1F004EDE08 /* FamilySearchAPITests-Info.plist */,
			);
			name = "Supporting Files";
			sourceTree = "<group>";
		};
		C23276E015D58F1F004EDE08 /* en.lproj */ = {
			isa = PBXGroup;
			children = (
				C23276E115D58F1F004EDE08 /* InfoPlist.strings */,
			);
			path = en.lproj;
			sourceTree = "<group>";
		};
		C2ABA77415D573EF000A34A1 = {
			isa = PBXGroup;
			children = (
				C2ABA78415D573EF000A34A1 /* FamilySearchAPI */,
				C2ABA79915D573EF000A34A1 /* FamilySearchAPITests */,
				C2ABA78115D573EF000A34A1 /* Frameworks */,
				C2ABA78015D573EF000A34A1 /* Products */,
				874EC83EE4E246B8AF0AF3BC /* Pods.xcconfig */,
			);
			sourceTree = "<group>";
		};
		C2ABA78015D573EF000A34A1 /* Products */ = {
			isa = PBXGroup;
			children = (
				C2ABA77F15D573EF000A34A1 /* libFamilySearchAPI.a */,
				C2ABA79015D573EF000A34A1 /* FamilySearchAPITests.octest */,
			);
			name = Products;
			sourceTree = "<group>";
		};
		C2ABA78115D573EF000A34A1 /* Frameworks */ = {
			isa = PBXGroup;
			children = (
				C2ABA78215D573EF000A34A1 /* Foundation.framework */,
				C2ABA79115D573EF000A34A1 /* SenTestingKit.framework */,
				C2ABA79315D573EF000A34A1 /* UIKit.framework */,
				8CE02C144AAA4DCF9A89ABBA /* libPods.a */,
			);
			name = Frameworks;
			sourceTree = "<group>";
		};
		C2ABA78415D573EF000A34A1 /* FamilySearchAPI */ = {
			isa = PBXGroup;
			children = (
				C2ABA7B715D5744F000A34A1 /* FSAuth.h */,
				C2ABA7B815D5744F000A34A1 /* FSAuth.m */,
				C2ABA7B915D5744F000A34A1 /* FSPerson.h */,
				C2ABA7BA15D5744F000A34A1 /* FSPerson.m */,
				C2D9E85615E41EF800107376 /* FSEvent.h */,
				C2D9E85715E41EF800107376 /* FSEvent.m */,
				C2D9E85B15E41F1D00107376 /* FSMarriage.h */,
				C2D9E85C15E41F1D00107376 /* FSMarriage.m */,
				C2D9E85F15E41F6200107376 /* FSOrdinance.h */,
				C2D9E86015E41F6200107376 /* FSOrdinance.m */,
				C29BFED615DD4041004B71D0 /* config.h */,
				C2D9E87015E56B0B00107376 /* private.h */,
				C2ABA78515D573EF000A34A1 /* Supporting Files */,
			);
			path = FamilySearchAPI;
			sourceTree = "<group>";
		};
		C2ABA78515D573EF000A34A1 /* Supporting Files */ = {
			isa = PBXGroup;
			children = (
				C2ABA78615D573EF000A34A1 /* FamilySearchAPI-Prefix.pch */,
			);
			name = "Supporting Files";
			sourceTree = "<group>";
		};
		C2ABA79915D573EF000A34A1 /* FamilySearchAPITests */ = {
			isa = PBXGroup;
			children = (
				C2ABA7BF15D5745B000A34A1 /* FSAuthTests.h */,
				C2ABA7C015D5745B000A34A1 /* FSAuthTests.m */,
				C2ABA7C115D5745B000A34A1 /* FSPersonTests.h */,
				C2ABA7C215D5745B000A34A1 /* FSPersonTests.m */,
				C27BC94615E69B9B00D7E01F /* FSEventTests.h */,
				C27BC94715E69B9B00D7E01F /* FSEventTests.m */,
				C26EEDAE15E7D90E00C7714F /* FSMarriageTests.h */,
				C26EEDAF15E7D90E00C7714F /* FSMarriageTests.m */,
				C2ABA7C315D5745B000A34A1 /* constants.h */,
				C23276DF15D58EF3004EDE08 /* Supporting Files */,
			);
			path = FamilySearchAPITests;
			sourceTree = "<group>";
		};
/* End PBXGroup section */

/* Begin PBXNativeTarget section */
		C2ABA77E15D573EF000A34A1 /* FamilySearchAPI */ = {
			isa = PBXNativeTarget;
			buildConfigurationList = C2ABA7A415D573EF000A34A1 /* Build configuration list for PBXNativeTarget "FamilySearchAPI" */;
			buildPhases = (
				C2ABA77B15D573EF000A34A1 /* Sources */,
				C2ABA77C15D573EF000A34A1 /* Frameworks */,
				C2ABA77D15D573EF000A34A1 /* CopyFiles */,
				FD6A59EFCE7A4A5CBF2CEDE2 /* Copy Pods Resources */,
			);
			buildRules = (
			);
			dependencies = (
			);
			name = FamilySearchAPI;
			productName = FamilySearchAPI;
			productReference = C2ABA77F15D573EF000A34A1 /* libFamilySearchAPI.a */;
			productType = "com.apple.product-type.library.static";
		};
		C2ABA78F15D573EF000A34A1 /* FamilySearchAPITests */ = {
			isa = PBXNativeTarget;
			buildConfigurationList = C2ABA7A715D573EF000A34A1 /* Build configuration list for PBXNativeTarget "FamilySearchAPITests" */;
			buildPhases = (
				C2ABA78B15D573EF000A34A1 /* Sources */,
				C2ABA78C15D573EF000A34A1 /* Frameworks */,
				C2ABA78D15D573EF000A34A1 /* Resources */,
				C2ABA78E15D573EF000A34A1 /* ShellScript */,
			);
			buildRules = (
			);
			dependencies = (
				C2ABA79715D573EF000A34A1 /* PBXTargetDependency */,
			);
			name = FamilySearchAPITests;
			productName = FamilySearchAPITests;
			productReference = C2ABA79015D573EF000A34A1 /* FamilySearchAPITests.octest */;
			productType = "com.apple.product-type.bundle";
		};
/* End PBXNativeTarget section */

/* Begin PBXProject section */
		C2ABA77615D573EF000A34A1 /* Project object */ = {
			isa = PBXProject;
			attributes = {
				LastUpgradeCheck = 0440;
				ORGANIZATIONNAME = FamilySearch;
			};
			buildConfigurationList = C2ABA77915D573EF000A34A1 /* Build configuration list for PBXProject "FamilySearchAPI" */;
			compatibilityVersion = "Xcode 3.2";
			developmentRegion = English;
			hasScannedForEncodings = 0;
			knownRegions = (
				en,
			);
			mainGroup = C2ABA77415D573EF000A34A1;
			productRefGroup = C2ABA78015D573EF000A34A1 /* Products */;
			projectDirPath = "";
			projectRoot = "";
			targets = (
				C2ABA77E15D573EF000A34A1 /* FamilySearchAPI */,
				C2ABA78F15D573EF000A34A1 /* FamilySearchAPITests */,
			);
		};
/* End PBXProject section */

/* Begin PBXResourcesBuildPhase section */
		C2ABA78D15D573EF000A34A1 /* Resources */ = {
			isa = PBXResourcesBuildPhase;
			buildActionMask = 2147483647;
			files = (
			);
			runOnlyForDeploymentPostprocessing = 0;
		};
/* End PBXResourcesBuildPhase section */

/* Begin PBXShellScriptBuildPhase section */
		C2ABA78E15D573EF000A34A1 /* ShellScript */ = {
			isa = PBXShellScriptBuildPhase;
			buildActionMask = 2147483647;
			files = (
			);
			inputPaths = (
			);
			outputPaths = (
			);
			runOnlyForDeploymentPostprocessing = 0;
			shellPath = /bin/sh;
			shellScript = "# Run the unit tests in this test bundle.\n\"${SYSTEM_DEVELOPER_DIR}/Tools/RunUnitTests\"\n";
		};
		FD6A59EFCE7A4A5CBF2CEDE2 /* Copy Pods Resources */ = {
			isa = PBXShellScriptBuildPhase;
			buildActionMask = 2147483647;
			files = (
			);
			inputPaths = (
			);
			name = "Copy Pods Resources";
			outputPaths = (
			);
			runOnlyForDeploymentPostprocessing = 0;
			shellPath = /bin/sh;
			shellScript = "\"${SRCROOT}/Pods/Pods-resources.sh\"\n";
		};
/* End PBXShellScriptBuildPhase section */

/* Begin PBXSourcesBuildPhase section */
		C2ABA77B15D573EF000A34A1 /* Sources */ = {
			isa = PBXSourcesBuildPhase;
			buildActionMask = 2147483647;
			files = (
				C2ABA7BB15D5744F000A34A1 /* FSAuth.m in Sources */,
				C2ABA7BD15D5744F000A34A1 /* FSPerson.m in Sources */,
				C2D9E85815E41EF800107376 /* FSEvent.m in Sources */,
				C2D9E85D15E41F1D00107376 /* FSMarriage.m in Sources */,
				C2D9E86115E41F6200107376 /* FSOrdinance.m in Sources */,
			);
			runOnlyForDeploymentPostprocessing = 0;
		};
		C2ABA78B15D573EF000A34A1 /* Sources */ = {
			isa = PBXSourcesBuildPhase;
			buildActionMask = 2147483647;
			files = (
				C2ABA7C815D5746B000A34A1 /* FSPersonTests.m in Sources */,
				C2ABA7C915D57471000A34A1 /* FSAuthTests.m in Sources */,
				C27BC94815E69B9B00D7E01F /* FSEventTests.m in Sources */,
				C26EEDB015E7D90E00C7714F /* FSMarriageTests.m in Sources */,
			);
			runOnlyForDeploymentPostprocessing = 0;
		};
/* End PBXSourcesBuildPhase section */

/* Begin PBXTargetDependency section */
		C2ABA79715D573EF000A34A1 /* PBXTargetDependency */ = {
			isa = PBXTargetDependency;
			target = C2ABA77E15D573EF000A34A1 /* FamilySearchAPI */;
			targetProxy = C2ABA79615D573EF000A34A1 /* PBXContainerItemProxy */;
		};
/* End PBXTargetDependency section */

/* Begin PBXVariantGroup section */
		C23276E115D58F1F004EDE08 /* InfoPlist.strings */ = {
			isa = PBXVariantGroup;
			children = (
				C23276E215D58F1F004EDE08 /* en */,
			);
			name = InfoPlist.strings;
			sourceTree = "<group>";
		};
/* End PBXVariantGroup section */

/* Begin XCBuildConfiguration section */
		C2ABA7A215D573EF000A34A1 /* Debug */ = {
			isa = XCBuildConfiguration;
			buildSettings = {
				ALWAYS_SEARCH_USER_PATHS = YES;
				ARCHS = "$(ARCHS_STANDARD_32_BIT)";
				CLANG_CXX_LANGUAGE_STANDARD = "gnu++0x";
				CLANG_ENABLE_OBJC_ARC = YES;
				CLANG_WARN__DUPLICATE_METHOD_MATCH = YES;
				COPY_PHASE_STRIP = NO;
				GCC_C_LANGUAGE_STANDARD = gnu99;
				GCC_DYNAMIC_NO_PIC = NO;
				GCC_OPTIMIZATION_LEVEL = 0;
				GCC_PREPROCESSOR_DEFINITIONS = (
					"DEBUG=1",
					"$(inherited)",
				);
				GCC_SYMBOLS_PRIVATE_EXTERN = NO;
				GCC_VERSION = "";
				GCC_WARN_ABOUT_RETURN_TYPE = YES;
				GCC_WARN_UNINITIALIZED_AUTOS = YES;
				GCC_WARN_UNUSED_VARIABLE = YES;
				IPHONEOS_DEPLOYMENT_TARGET = 5.1;
				OTHER_LDFLAGS = "";
				SDKROOT = iphoneos;
			};
			name = Debug;
		};
		C2ABA7A315D573EF000A34A1 /* Release */ = {
			isa = XCBuildConfiguration;
			buildSettings = {
				ALWAYS_SEARCH_USER_PATHS = YES;
				ARCHS = "$(ARCHS_STANDARD_32_BIT)";
				CLANG_CXX_LANGUAGE_STANDARD = "gnu++0x";
				CLANG_ENABLE_OBJC_ARC = YES;
				CLANG_WARN__DUPLICATE_METHOD_MATCH = YES;
				COPY_PHASE_STRIP = YES;
				GCC_C_LANGUAGE_STANDARD = gnu99;
				GCC_VERSION = "";
				GCC_WARN_ABOUT_RETURN_TYPE = YES;
				GCC_WARN_UNINITIALIZED_AUTOS = YES;
				GCC_WARN_UNUSED_VARIABLE = YES;
				IPHONEOS_DEPLOYMENT_TARGET = 5.1;
				OTHER_LDFLAGS = "";
				SDKROOT = iphoneos;
				VALIDATE_PRODUCT = YES;
			};
			name = Release;
		};
		C2ABA7A515D573EF000A34A1 /* Debug */ = {
			isa = XCBuildConfiguration;
			baseConfigurationReference = 874EC83EE4E246B8AF0AF3BC /* Pods.xcconfig */;
			buildSettings = {
				DSTROOT = /tmp/FamilySearchAPI.dst;
				GCC_PRECOMPILE_PREFIX_HEADER = YES;
				GCC_PREFIX_HEADER = "FamilySearchAPI/FamilySearchAPI-Prefix.pch";
				OTHER_LDFLAGS = "-ObjC";
				PRODUCT_NAME = "$(TARGET_NAME)";
				SKIP_INSTALL = YES;
			};
			name = Debug;
		};
		C2ABA7A615D573EF000A34A1 /* Release */ = {
			isa = XCBuildConfiguration;
			baseConfigurationReference = 874EC83EE4E246B8AF0AF3BC /* Pods.xcconfig */;
			buildSettings = {
				DSTROOT = /tmp/FamilySearchAPI.dst;
				GCC_PRECOMPILE_PREFIX_HEADER = YES;
				GCC_PREFIX_HEADER = "FamilySearchAPI/FamilySearchAPI-Prefix.pch";
				OTHER_LDFLAGS = "-ObjC";
				PRODUCT_NAME = "$(TARGET_NAME)";
				SKIP_INSTALL = YES;
			};
			name = Release;
		};
		C2ABA7A815D573EF000A34A1 /* Debug */ = {
			isa = XCBuildConfiguration;
			baseConfigurationReference = 874EC83EE4E246B8AF0AF3BC /* Pods.xcconfig */;
			buildSettings = {
				FRAMEWORK_SEARCH_PATHS = (
					"\"$(SDKROOT)/Developer/Library/Frameworks\"",
					"\"$(DEVELOPER_LIBRARY_DIR)/Frameworks\"",
				);
				GCC_PRECOMPILE_PREFIX_HEADER = YES;
				GCC_PREFIX_HEADER = "FamilySearchAPI/FamilySearchAPI-Prefix.pch";
				INFOPLIST_FILE = "FamilySearchAPITests/FamilySearchAPITests-Info.plist";
				PRODUCT_NAME = "$(TARGET_NAME)";
				WRAPPER_EXTENSION = octest;
			};
			name = Debug;
		};
		C2ABA7A915D573EF000A34A1 /* Release */ = {
			isa = XCBuildConfiguration;
			baseConfigurationReference = 874EC83EE4E246B8AF0AF3BC /* Pods.xcconfig */;
			buildSettings = {
				FRAMEWORK_SEARCH_PATHS = (
					"\"$(SDKROOT)/Developer/Library/Frameworks\"",
					"\"$(DEVELOPER_LIBRARY_DIR)/Frameworks\"",
				);
				GCC_PRECOMPILE_PREFIX_HEADER = YES;
				GCC_PREFIX_HEADER = "FamilySearchAPI/FamilySearchAPI-Prefix.pch";
				INFOPLIST_FILE = "FamilySearchAPITests/FamilySearchAPITests-Info.plist";
				PRODUCT_NAME = "$(TARGET_NAME)";
				WRAPPER_EXTENSION = octest;
			};
			name = Release;
		};
/* End XCBuildConfiguration section */

/* Begin XCConfigurationList section */
		C2ABA77915D573EF000A34A1 /* Build configuration list for PBXProject "FamilySearchAPI" */ = {
			isa = XCConfigurationList;
			buildConfigurations = (
				C2ABA7A215D573EF000A34A1 /* Debug */,
				C2ABA7A315D573EF000A34A1 /* Release */,
			);
			defaultConfigurationIsVisible = 0;
			defaultConfigurationName = Release;
		};
		C2ABA7A415D573EF000A34A1 /* Build configuration list for PBXNativeTarget "FamilySearchAPI" */ = {
			isa = XCConfigurationList;
			buildConfigurations = (
				C2ABA7A515D573EF000A34A1 /* Debug */,
				C2ABA7A615D573EF000A34A1 /* Release */,
			);
			defaultConfigurationIsVisible = 0;
			defaultConfigurationName = Release;
		};
		C2ABA7A715D573EF000A34A1 /* Build configuration list for PBXNativeTarget "FamilySearchAPITests" */ = {
			isa = XCConfigurationList;
			buildConfigurations = (
				C2ABA7A815D573EF000A34A1 /* Debug */,
				C2ABA7A915D573EF000A34A1 /* Release */,
			);
			defaultConfigurationIsVisible = 0;
			defaultConfigurationName = Release;
		};
/* End XCConfigurationList section */
	};
	rootObject = C2ABA77615D573EF000A34A1 /* Project object */;
}
